// !$*UTF8*$!
{
	archiveVersion = 1;
	classes = {
	};
	objectVersion = 51;
	objects = {

/* Begin PBXBuildFile section */
		ABA7B009242D46E800E317E4 /* AppDelegate.swift in Sources */ = {isa = PBXBuildFile; fileRef = ABA7B008242D46E800E317E4 /* AppDelegate.swift */; };
		ABA7B00B242D46E800E317E4 /* SceneDelegate.swift in Sources */ = {isa = PBXBuildFile; fileRef = ABA7B00A242D46E800E317E4 /* SceneDelegate.swift */; };
		ABA7B00D242D46E800E317E4 /* PicsumViewController.swift in Sources */ = {isa = PBXBuildFile; fileRef = ABA7B00C242D46E800E317E4 /* PicsumViewController.swift */; };
		ABA7B010242D46E800E317E4 /* Main.storyboard in Resources */ = {isa = PBXBuildFile; fileRef = ABA7B00E242D46E800E317E4 /* Main.storyboard */; };
		ABA7B012242D46E900E317E4 /* Assets.xcassets in Resources */ = {isa = PBXBuildFile; fileRef = ABA7B011242D46E900E317E4 /* Assets.xcassets */; };
		ABA7B015242D46E900E317E4 /* LaunchScreen.storyboard in Resources */ = {isa = PBXBuildFile; fileRef = ABA7B013242D46E900E317E4 /* LaunchScreen.storyboard */; };
		D74BC08BBF28A44249BB2D05 /* Pods_homework_21.framework in Frameworks */ = {isa = PBXBuildFile; fileRef = 3EAB80785B051D2BE99C5D83 /* Pods_homework_21.framework */; };
/* End PBXBuildFile section */

/* Begin PBXFileReference section */
		3EAB80785B051D2BE99C5D83 /* Pods_homework_21.framework */ = {isa = PBXFileReference; explicitFileType = wrapper.framework; includeInIndex = 0; path = Pods_homework_21.framework; sourceTree = BUILT_PRODUCTS_DIR; };
		53CA25E90E173F4485A8E3E6 /* Pods-homework_21.release.xcconfig */ = {isa = PBXFileReference; includeInIndex = 1; lastKnownFileType = text.xcconfig; name = "Pods-homework_21.release.xcconfig"; path = "Target Support Files/Pods-homework_21/Pods-homework_21.release.xcconfig"; sourceTree = "<group>"; };
		9579D8CE3AC2764241F56410 /* Pods-homework_21.debug.xcconfig */ = {isa = PBXFileReference; includeInIndex = 1; lastKnownFileType = text.xcconfig; name = "Pods-homework_21.debug.xcconfig"; path = "Target Support Files/Pods-homework_21/Pods-homework_21.debug.xcconfig"; sourceTree = "<group>"; };
		ABA7B005242D46E800E317E4 /* homework_21.app */ = {isa = PBXFileReference; explicitFileType = wrapper.application; includeInIndex = 0; path = homework_21.app; sourceTree = BUILT_PRODUCTS_DIR; };
		ABA7B008242D46E800E317E4 /* AppDelegate.swift */ = {isa = PBXFileReference; lastKnownFileType = sourcecode.swift; path = AppDelegate.swift; sourceTree = "<group>"; };
		ABA7B00A242D46E800E317E4 /* SceneDelegate.swift */ = {isa = PBXFileReference; lastKnownFileType = sourcecode.swift; path = SceneDelegate.swift; sourceTree = "<group>"; };
		ABA7B00C242D46E800E317E4 /* PicsumViewController.swift */ = {isa = PBXFileReference; lastKnownFileType = sourcecode.swift; path = PicsumViewController.swift; sourceTree = "<group>"; };
		ABA7B00F242D46E800E317E4 /* Base */ = {isa = PBXFileReference; lastKnownFileType = file.storyboard; name = Base; path = Base.lproj/Main.storyboard; sourceTree = "<group>"; };
		ABA7B011242D46E900E317E4 /* Assets.xcassets */ = {isa = PBXFileReference; lastKnownFileType = folder.assetcatalog; path = Assets.xcassets; sourceTree = "<group>"; };
		ABA7B014242D46E900E317E4 /* Base */ = {isa = PBXFileReference; lastKnownFileType = file.storyboard; name = Base; path = Base.lproj/LaunchScreen.storyboard; sourceTree = "<group>"; };
		ABA7B016242D46E900E317E4 /* Info.plist */ = {isa = PBXFileReference; lastKnownFileType = text.plist.xml; path = Info.plist; sourceTree = "<group>"; };
/* End PBXFileReference section */

/* Begin PBXFrameworksBuildPhase section */
		ABA7B002242D46E800E317E4 /* Frameworks */ = {
			isa = PBXFrameworksBuildPhase;
			buildActionMask = 2147483647;
			files = (
				D74BC08BBF28A44249BB2D05 /* Pods_homework_21.framework in Frameworks */,
			);
			runOnlyForDeploymentPostprocessing = 0;
		};
/* End PBXFrameworksBuildPhase section */

/* Begin PBXGroup section */
		7B26535C2D0B994E7C5F9B47 /* Frameworks */ = {
			isa = PBXGroup;
			children = (
				3EAB80785B051D2BE99C5D83 /* Pods_homework_21.framework */,
			);
			name = Frameworks;
			sourceTree = "<group>";
		};
		ABA7AFFC242D46E800E317E4 = {
			isa = PBXGroup;
			children = (
				ABA7B007242D46E800E317E4 /* homework_21 */,
				ABA7B006242D46E800E317E4 /* Products */,
				B3F51B241A26A7654B77378E /* Pods */,
				7B26535C2D0B994E7C5F9B47 /* Frameworks */,
			);
			sourceTree = "<group>";
		};
		ABA7B006242D46E800E317E4 /* Products */ = {
			isa = PBXGroup;
			children = (
				ABA7B005242D46E800E317E4 /* homework_21.app */,
			);
			name = Products;
			sourceTree = "<group>";
		};
		ABA7B007242D46E800E317E4 /* homework_21 */ = {
			isa = PBXGroup;
			children = (
				ABA7B008242D46E800E317E4 /* AppDelegate.swift */,
				ABA7B00A242D46E800E317E4 /* SceneDelegate.swift */,
				ABA7B00C242D46E800E317E4 /* PicsumViewController.swift */,
				ABA7B00E242D46E800E317E4 /* Main.storyboard */,
				ABA7B011242D46E900E317E4 /* Assets.xcassets */,
				ABA7B013242D46E900E317E4 /* LaunchScreen.storyboard */,
				ABA7B016242D46E900E317E4 /* Info.plist */,
			);
			path = homework_21;
			sourceTree = "<group>";
		};
		B3F51B241A26A7654B77378E /* Pods */ = {
			isa = PBXGroup;
			children = (
				9579D8CE3AC2764241F56410 /* Pods-homework_21.debug.xcconfig */,
				53CA25E90E173F4485A8E3E6 /* Pods-homework_21.release.xcconfig */,
			);
			path = Pods;
			sourceTree = "<group>";
		};
/* End PBXGroup section */

/* Begin PBXNativeTarget section */
		ABA7B004242D46E800E317E4 /* homework_21 */ = {
			isa = PBXNativeTarget;
			buildConfigurationList = ABA7B019242D46E900E317E4 /* Build configuration list for PBXNativeTarget "homework_21" */;
			buildPhases = (
				AEE4745CE695A7C03BB7DC00 /* [CP] Check Pods Manifest.lock */,
				ABA7B001242D46E800E317E4 /* Sources */,
				ABA7B002242D46E800E317E4 /* Frameworks */,
				ABA7B003242D46E800E317E4 /* Resources */,
				FBF201850E24F1CB43C31496 /* [CP] Embed Pods Frameworks */,
			);
			buildRules = (
			);
			dependencies = (
			);
			name = homework_21;
			productName = homework_21;
			productReference = ABA7B005242D46E800E317E4 /* homework_21.app */;
			productType = "com.apple.product-type.application";
		};
/* End PBXNativeTarget section */

/* Begin PBXProject section */
		ABA7AFFD242D46E800E317E4 /* Project object */ = {
			isa = PBXProject;
			attributes = {
				LastSwiftUpdateCheck = 1130;
				LastUpgradeCheck = 1130;
				ORGANIZATIONNAME = "Alexandra Lesnichaya";
				TargetAttributes = {
					ABA7B004242D46E800E317E4 = {
						CreatedOnToolsVersion = 11.3.1;
					};
				};
			};
			buildConfigurationList = ABA7B000242D46E800E317E4 /* Build configuration list for PBXProject "homework_21" */;
			compatibilityVersion = "Xcode 9.3";
			developmentRegion = en;
			hasScannedForEncodings = 0;
			knownRegions = (
				en,
				Base,
			);
			mainGroup = ABA7AFFC242D46E800E317E4;
			productRefGroup = ABA7B006242D46E800E317E4 /* Products */;
			projectDirPath = "";
			projectRoot = "";
			targets = (
				ABA7B004242D46E800E317E4 /* homework_21 */,
			);
		};
/* End PBXProject section */

/* Begin PBXResourcesBuildPhase section */
		ABA7B003242D46E800E317E4 /* Resources */ = {
			isa = PBXResourcesBuildPhase;
			buildActionMask = 2147483647;
			files = (
				ABA7B015242D46E900E317E4 /* LaunchScreen.storyboard in Resources */,
				ABA7B012242D46E900E317E4 /* Assets.xcassets in Resources */,
				ABA7B010242D46E800E317E4 /* Main.storyboard in Resources */,
			);
			runOnlyForDeploymentPostprocessing = 0;
		};
/* End PBXResourcesBuildPhase section */

/* Begin PBXShellScriptBuildPhase section */
		AEE4745CE695A7C03BB7DC00 /* [CP] Check Pods Manifest.lock */ = {
			isa = PBXShellScriptBuildPhase;
			buildActionMask = 2147483647;
			files = (
			);
			inputFileListPaths = (
			);
			inputPaths = (
				"${PODS_PODFILE_DIR_PATH}/Podfile.lock",
				"${PODS_ROOT}/Manifest.lock",
			);
			name = "[CP] Check Pods Manifest.lock";
			outputFileListPaths = (
			);
			outputPaths = (
				"$(DERIVED_FILE_DIR)/Pods-homework_21-checkManifestLockResult.txt",
			);
			runOnlyForDeploymentPostprocessing = 0;
			shellPath = /bin/sh;
			shellScript = "diff \"${PODS_PODFILE_DIR_PATH}/Podfile.lock\" \"${PODS_ROOT}/Manifest.lock\" > /dev/null\nif [ $? != 0 ] ; then\n    # print error to STDERR\n    echo \"error: The sandbox is not in sync with the Podfile.lock. Run 'pod install' or update your CocoaPods installation.\" >&2\n    exit 1\nfi\n# This output is used by Xcode 'outputs' to avoid re-running this script phase.\necho \"SUCCESS\" > \"${SCRIPT_OUTPUT_FILE_0}\"\n";
			showEnvVarsInLog = 0;
		};
		FBF201850E24F1CB43C31496 /* [CP] Embed Pods Frameworks */ = {
			isa = PBXShellScriptBuildPhase;
			buildActionMask = 2147483647;
			files = (
			);
			inputFileListPaths = (
				"${PODS_ROOT}/Target Support Files/Pods-homework_21/Pods-homework_21-frameworks-${CONFIGURATION}-input-files.xcfilelist",
			);
			name = "[CP] Embed Pods Frameworks";
			outputFileListPaths = (
				"${PODS_ROOT}/Target Support Files/Pods-homework_21/Pods-homework_21-frameworks-${CONFIGURATION}-output-files.xcfilelist",
			);
			runOnlyForDeploymentPostprocessing = 0;
			shellPath = /bin/sh;
			shellScript = "\"${PODS_ROOT}/Target Support Files/Pods-homework_21/Pods-homework_21-frameworks.sh\"\n";
			showEnvVarsInLog = 0;
		};
/* End PBXShellScriptBuildPhase section */

/* Begin PBXSourcesBuildPhase section */
		ABA7B001242D46E800E317E4 /* Sources */ = {
			isa = PBXSourcesBuildPhase;
			buildActionMask = 2147483647;
			files = (
				ABA7B00D242D46E800E317E4 /* PicsumViewController.swift in Sources */,
				ABA7B009242D46E800E317E4 /* AppDelegate.swift in Sources */,
				ABA7B00B242D46E800E317E4 /* SceneDelegate.swift in Sources */,
			);
			runOnlyForDeploymentPostprocessing = 0;
		};
/* End PBXSourcesBuildPhase section */

/* Begin PBXVariantGroup section */
		ABA7B00E242D46E800E317E4 /* Main.storyboard */ = {
			isa = PBXVariantGroup;
			children = (
				ABA7B00F242D46E800E317E4 /* Base */,
			);
			name = Main.storyboard;
			sourceTree = "<group>";
		};
		ABA7B013242D46E900E317E4 /* LaunchScreen.storyboard */ = {
			isa = PBXVariantGroup;
			children = (
				ABA7B014242D46E900E317E4 /* Base */,
			);
			name = LaunchScreen.storyboard;
			sourceTree = "<group>";
		};
/* End PBXVariantGroup section */

/* Begin XCBuildConfiguration section */
		ABA7B017242D46E900E317E4 /* Debug */ = {
			isa = XCBuildConfiguration;
			buildSettings = {
				ALWAYS_SEARCH_USER_PATHS = NO;
				CLANG_ANALYZER_NONNULL = YES;
				CLANG_ANALYZER_NUMBER_OBJECT_CONVERSION = YES_AGGRESSIVE;
				CLANG_CXX_LANGUAGE_STANDARD = "gnu++14";
				CLANG_CXX_LIBRARY = "libc++";
				CLANG_ENABLE_MODULES = YES;
				CLANG_ENABLE_OBJC_ARC = YES;
				CLANG_ENABLE_OBJC_WEAK = YES;
				CLANG_WARN_BLOCK_CAPTURE_AUTORELEASING = YES;
				CLANG_WARN_BOOL_CONVERSION = YES;
				CLANG_WARN_COMMA = YES;
				CLANG_WARN_CONSTANT_CONVERSION = YES;
				CLANG_WARN_DEPRECATED_OBJC_IMPLEMENTATIONS = YES;
				CLANG_WARN_DIRECT_OBJC_ISA_USAGE = YES_ERROR;
				CLANG_WARN_DOCUMENTATION_COMMENTS = YES;
				CLANG_WARN_EMPTY_BODY = YES;
				CLANG_WARN_ENUM_CONVERSION = YES;
				CLANG_WARN_INFINITE_RECURSION = YES;
				CLANG_WARN_INT_CONVERSION = YES;
				CLANG_WARN_NON_LITERAL_NULL_CONVERSION = YES;
				CLANG_WARN_OBJC_IMPLICIT_RETAIN_SELF = YES;
				CLANG_WARN_OBJC_LITERAL_CONVERSION = YES;
				CLANG_WARN_OBJC_ROOT_CLASS = YES_ERROR;
				CLANG_WARN_RANGE_LOOP_ANALYSIS = YES;
				CLANG_WARN_STRICT_PROTOTYPES = YES;
				CLANG_WARN_SUSPICIOUS_MOVE = YES;
				CLANG_WARN_UNGUARDED_AVAILABILITY = YES_AGGRESSIVE;
				CLANG_WARN_UNREACHABLE_CODE = YES;
				CLANG_WARN__DUPLICATE_METHOD_MATCH = YES;
				COPY_PHASE_STRIP = NO;
				DEBUG_INFORMATION_FORMAT = dwarf;
				ENABLE_STRICT_OBJC_MSGSEND = YES;
				ENABLE_TESTABILITY = YES;
				GCC_C_LANGUAGE_STANDARD = gnu11;
				GCC_DYNAMIC_NO_PIC = NO;
				GCC_NO_COMMON_BLOCKS = YES;
				GCC_OPTIMIZATION_LEVEL = 0;
				GCC_PREPROCESSOR_DEFINITIONS = (
					"DEBUG=1",
					"$(inherited)",
				);
				GCC_WARN_64_TO_32_BIT_CONVERSION = YES;
				GCC_WARN_ABOUT_RETURN_TYPE = YES_ERROR;
				GCC_WARN_UNDECLARED_SELECTOR = YES;
				GCC_WARN_UNINITIALIZED_AUTOS = YES_AGGRESSIVE;
				GCC_WARN_UNUSED_FUNCTION = YES;
				GCC_WARN_UNUSED_VARIABLE = YES;
				IPHONEOS_DEPLOYMENT_TARGET = 13.2;
				MTL_ENABLE_DEBUG_INFO = INCLUDE_SOURCE;
				MTL_FAST_MATH = YES;
				ONLY_ACTIVE_ARCH = YES;
				SDKROOT = iphoneos;
				SWIFT_ACTIVE_COMPILATION_CONDITIONS = DEBUG;
				SWIFT_OPTIMIZATION_LEVEL = "-Onone";
			};
			name = Debug;
		};
		ABA7B018242D46E900E317E4 /* Release */ = {
			isa = XCBuildConfiguration;
			buildSettings = {
				ALWAYS_SEARCH_USER_PATHS = NO;
				CLANG_ANALYZER_NONNULL = YES;
				CLANG_ANALYZER_NUMBER_OBJECT_CONVERSION = YES_AGGRESSIVE;
				CLANG_CXX_LANGUAGE_STANDARD = "gnu++14";
				CLANG_CXX_LIBRARY = "libc++";
				CLANG_ENABLE_MODULES = YES;
				CLANG_ENABLE_OBJC_ARC = YES;
				CLANG_ENABLE_OBJC_WEAK = YES;
				CLANG_WARN_BLOCK_CAPTURE_AUTORELEASING = YES;
				CLANG_WARN_BOOL_CONVERSION = YES;
				CLANG_WARN_COMMA = YES;
				CLANG_WARN_CONSTANT_CONVERSION = YES;
				CLANG_WARN_DEPRECATED_OBJC_IMPLEMENTATIONS = YES;
				CLANG_WARN_DIRECT_OBJC_ISA_USAGE = YES_ERROR;
				CLANG_WARN_DOCUMENTATION_COMMENTS = YES;
				CLANG_WARN_EMPTY_BODY = YES;
				CLANG_WARN_ENUM_CONVERSION = YES;
				CLANG_WARN_INFINITE_RECURSION = YES;
				CLANG_WARN_INT_CONVERSION = YES;
				CLANG_WARN_NON_LITERAL_NULL_CONVERSION = YES;
				CLANG_WARN_OBJC_IMPLICIT_RETAIN_SELF = YES;
				CLANG_WARN_OBJC_LITERAL_CONVERSION = YES;
				CLANG_WARN_OBJC_ROOT_CLASS = YES_ERROR;
				CLANG_WARN_RANGE_LOOP_ANALYSIS = YES;
				CLANG_WARN_STRICT_PROTOTYPES = YES;
				CLANG_WARN_SUSPICIOUS_MOVE = YES;
				CLANG_WARN_UNGUARDED_AVAILABILITY = YES_AGGRESSIVE;
				CLANG_WARN_UNREACHABLE_CODE = YES;
				CLANG_WARN__DUPLICATE_METHOD_MATCH = YES;
				COPY_PHASE_STRIP = NO;
				DEBUG_INFORMATION_FORMAT = "dwarf-with-dsym";
				ENABLE_NS_ASSERTIONS = NO;
				ENABLE_STRICT_OBJC_MSGSEND = YES;
				GCC_C_LANGUAGE_STANDARD = gnu11;
				GCC_NO_COMMON_BLOCKS = YES;
				GCC_WARN_64_TO_32_BIT_CONVERSION = YES;
				GCC_WARN_ABOUT_RETURN_TYPE = YES_ERROR;
				GCC_WARN_UNDECLARED_SELECTOR = YES;
				GCC_WARN_UNINITIALIZED_AUTOS = YES_AGGRESSIVE;
				GCC_WARN_UNUSED_FUNCTION = YES;
				GCC_WARN_UNUSED_VARIABLE = YES;
				IPHONEOS_DEPLOYMENT_TARGET = 13.2;
				MTL_ENABLE_DEBUG_INFO = NO;
				MTL_FAST_MATH = YES;
				SDKROOT = iphoneos;
				SWIFT_COMPILATION_MODE = wholemodule;
				SWIFT_OPTIMIZATION_LEVEL = "-O";
				VALIDATE_PRODUCT = YES;
			};
			name = Release;
		};
		ABA7B01A242D46E900E317E4 /* Debug */ = {
			isa = XCBuildConfiguration;
			baseConfigurationReference = 9579D8CE3AC2764241F56410 /* Pods-homework_21.debug.xcconfig */;
			buildSettings = {
				ASSETCATALOG_COMPILER_APPICON_NAME = AppIcon;
				CODE_SIGN_STYLE = Automatic;
				INFOPLIST_FILE = homework_21/Info.plist;
				LD_RUNPATH_SEARCH_PATHS = (
					"$(inherited)",
					"@executable_path/Frameworks",
				);
				PRODUCT_BUNDLE_IDENTIFIER = "-------------------.homework-21";
				PRODUCT_NAME = "$(TARGET_NAME)";
				SWIFT_VERSION = 5.0;
				TARGETED_DEVICE_FAMILY = "1,2";
			};
			name = Debug;
		};
		ABA7B01B242D46E900E317E4 /* Release */ = {
			isa = XCBuildConfiguration;
			baseConfigurationReference = 53CA25E90E173F4485A8E3E6 /* Pods-homework_21.release.xcconfig */;
			buildSettings = {
				ASSETCATALOG_COMPILER_APPICON_NAME = AppIcon;
				CODE_SIGN_STYLE = Automatic;
				INFOPLIST_FILE = homework_21/Info.plist;
				LD_RUNPATH_SEARCH_PATHS = (
					"$(inherited)",
					"@executable_path/Frameworks",
				);
				PRODUCT_BUNDLE_IDENTIFIER = "-------------------.homework-21";
				PRODUCT_NAME = "$(TARGET_NAME)";
				SWIFT_VERSION = 5.0;
				TARGETED_DEVICE_FAMILY = "1,2";
			};
			name = Release;
		};
/* End XCBuildConfiguration section */

/* Begin XCConfigurationList section */
		ABA7B000242D46E800E317E4 /* Build configuration list for PBXProject "homework_21" */ = {
			isa = XCConfigurationList;
			buildConfigurations = (
				ABA7B017242D46E900E317E4 /* Debug */,
				ABA7B018242D46E900E317E4 /* Release */,
			);
			defaultConfigurationIsVisible = 0;
			defaultConfigurationName = Release;
		};
		ABA7B019242D46E900E317E4 /* Build configuration list for PBXNativeTarget "homework_21" */ = {
			isa = XCConfigurationList;
			buildConfigurations = (
				ABA7B01A242D46E900E317E4 /* Debug */,
				ABA7B01B242D46E900E317E4 /* Release */,
			);
			defaultConfigurationIsVisible = 0;
			defaultConfigurationName = Release;
		};
/* End XCConfigurationList section */
	};
	rootObject = ABA7AFFD242D46E800E317E4 /* Project object */;
}
